{
  "requires": true,
  "lockfileVersion": 1,
  "dependencies": {
    "ngx-bootstrap-icons": {
      "version": "1.4.0",
      "resolved": "https://registry.npmjs.org/ngx-bootstrap-icons/-/ngx-bootstrap-icons-1.4.0.tgz",
      "integrity": "sha512-QiYtysxPai4dozjuYdphthuYAIvWdJopID1TV36dSmp5TSqKPUNgUGFiH+QRe+5uIzs9ac5JrlcnFjzYhLAneg==",
      "requires": {
        "tslib": "^2.0.0"
      }
    },
    "tslib": {
      "version": "2.1.0",
      "resolved": "https://registry.npmjs.org/tslib/-/tslib-2.1.0.tgz",
      "integrity": "sha512-hcVC3wYEziELGGmEEXue7D75zbwIIVUMWAVbHItGPx0ziyXxrOMQx4rQEVEV45Ut/1IotuEvwqPopzIOkDMf0A=="
    }
  }
}
